
Microsoft Visual Studio Solution File, Format Version 12.00
# Visual Studio Version 17
VisualStudioVersion = 17.8.34309.116
MinimumVisualStudioVersion = 10.0.40219.1
Project("{FAE04EC0-301F-11D3-BF4B-00C04F79EFBC}") = "TrialSerilog", "TrialSerilog\TrialSerilog.csproj", "{426C5910-E3A1-4CBE-89C0-0786AAB77F14}"
EndProject
Global
	GlobalSection(SolutionConfigurationPlatforms) = preSolution
		Debug|Any CPU = Debug|Any CPU
		Release|Any CPU = Release|Any CPU
	EndGlobalSection
	GlobalSection(ProjectConfigurationPlatforms) = postSolution
		{426C5910-E3A1-4CBE-89C0-0786AAB77F14}.Debug|Any CPU.ActiveCfg = Debug|Any CPU
		{426C5910-E3A1-4CBE-89C0-0786AAB77F14}.Debug|Any CPU.Build.0 = Debug|Any CPU
		{426C5910-E3A1-4CBE-89C0-0786AAB77F14}.Release|Any CPU.ActiveCfg = Release|Any CPU
		{426C5910-E3A1-4CBE-89C0-0786AAB77F14}.Release|Any CPU.Build.0 = Release|Any CPU
	EndGlobalSection
	GlobalSection(SolutionProperties) = preSolution
		HideSolutionNode = FALSE
	EndGlobalSection
	GlobalSection(ExtensibilityGlobals) = postSolution
		SolutionGuid = {5261A118-6C92-45E7-BD14-C6DC9319CDAF}
	EndGlobalSection
EndGlobal
